
Microsoft Visual Studio Solution File, Format Version 12.00
# Visual Studio Version 16
VisualStudioVersion = 16.0.29424.173
MinimumVisualStudioVersion = 10.0.40219.1
Project("{FAE04EC0-301F-11D3-BF4B-00C04F79EFBC}") = "Validierung_Demo", "Validierung_Demo\Validierung_Demo.csproj", "{74BB2DD2-1AA1-4F6C-9E2B-9CC1DE67B539}"
EndProject
Global
	GlobalSection(SolutionConfigurationPlatforms) = preSolution
		Debug|Any CPU = Debug|Any CPU
		Release|Any CPU = Release|Any CPU
	EndGlobalSection
	GlobalSection(ProjectConfigurationPlatforms) = postSolution
		{74BB2DD2-1AA1-4F6C-9E2B-9CC1DE67B539}.Debug|Any CPU.ActiveCfg = Debug|Any CPU
		{74BB2DD2-1AA1-4F6C-9E2B-9CC1DE67B539}.Debug|Any CPU.Build.0 = Debug|Any CPU
		{74BB2DD2-1AA1-4F6C-9E2B-9CC1DE67B539}.Release|Any CPU.ActiveCfg = Release|Any CPU
		{74BB2DD2-1AA1-4F6C-9E2B-9CC1DE67B539}.Release|Any CPU.Build.0 = Release|Any CPU
	EndGlobalSection
	GlobalSection(SolutionProperties) = preSolution
		HideSolutionNode = FALSE
	EndGlobalSection
	GlobalSection(ExtensibilityGlobals) = postSolution
		SolutionGuid = {0254AB84-9596-4BB7-81DB-8FFD5EA09FE0}
	EndGlobalSection
EndGlobal
