
Microsoft Visual Studio Solution File, Format Version 12.00
# Visual Studio Version 16
VisualStudioVersion = 16.0.29424.173
MinimumVisualStudioVersion = 10.0.40219.1
Project("{FAE04EC0-301F-11D3-BF4B-00C04F79EFBC}") = "HalloForms", "HalloForms\HalloForms.csproj", "{AD3E85D6-6547-4761-8ACE-9B695706EE8E}"
EndProject
Project("{FAE04EC0-301F-11D3-BF4B-00C04F79EFBC}") = "MinimalForms", "MinimalForms\MinimalForms.csproj", "{AF8B264E-2530-44B4-BCF0-05F016530706}"
EndProject
Global
	GlobalSection(SolutionConfigurationPlatforms) = preSolution
		Debug|Any CPU = Debug|Any CPU
		Release|Any CPU = Release|Any CPU
	EndGlobalSection
	GlobalSection(ProjectConfigurationPlatforms) = postSolution
		{AD3E85D6-6547-4761-8ACE-9B695706EE8E}.Debug|Any CPU.ActiveCfg = Debug|Any CPU
		{AD3E85D6-6547-4761-8ACE-9B695706EE8E}.Debug|Any CPU.Build.0 = Debug|Any CPU
		{AD3E85D6-6547-4761-8ACE-9B695706EE8E}.Release|Any CPU.ActiveCfg = Release|Any CPU
		{AD3E85D6-6547-4761-8ACE-9B695706EE8E}.Release|Any CPU.Build.0 = Release|Any CPU
		{AF8B264E-2530-44B4-BCF0-05F016530706}.Debug|Any CPU.ActiveCfg = Debug|Any CPU
		{AF8B264E-2530-44B4-BCF0-05F016530706}.Debug|Any CPU.Build.0 = Debug|Any CPU
		{AF8B264E-2530-44B4-BCF0-05F016530706}.Release|Any CPU.ActiveCfg = Release|Any CPU
		{AF8B264E-2530-44B4-BCF0-05F016530706}.Release|Any CPU.Build.0 = Release|Any CPU
	EndGlobalSection
	GlobalSection(SolutionProperties) = preSolution
		HideSolutionNode = FALSE
	EndGlobalSection
	GlobalSection(ExtensibilityGlobals) = postSolution
		SolutionGuid = {4D2C24C0-4EED-4BBE-9F5D-20A7A1493623}
	EndGlobalSection
EndGlobal
