
Microsoft Visual Studio Solution File, Format Version 12.00
# Visual Studio Version 16
VisualStudioVersion = 16.0.29424.173
MinimumVisualStudioVersion = 10.0.40219.1
Project("{FAE04EC0-301F-11D3-BF4B-00C04F79EFBC}") = "Binding_Demo", "Binding_Demo\Binding_Demo.csproj", "{AC0A667C-A820-4668-9DEE-94386CAB8517}"
EndProject
Global
	GlobalSection(SolutionConfigurationPlatforms) = preSolution
		Debug|Any CPU = Debug|Any CPU
		Release|Any CPU = Release|Any CPU
	EndGlobalSection
	GlobalSection(ProjectConfigurationPlatforms) = postSolution
		{AC0A667C-A820-4668-9DEE-94386CAB8517}.Debug|Any CPU.ActiveCfg = Debug|Any CPU
		{AC0A667C-A820-4668-9DEE-94386CAB8517}.Debug|Any CPU.Build.0 = Debug|Any CPU
		{AC0A667C-A820-4668-9DEE-94386CAB8517}.Release|Any CPU.ActiveCfg = Release|Any CPU
		{AC0A667C-A820-4668-9DEE-94386CAB8517}.Release|Any CPU.Build.0 = Release|Any CPU
	EndGlobalSection
	GlobalSection(SolutionProperties) = preSolution
		HideSolutionNode = FALSE
	EndGlobalSection
	GlobalSection(ExtensibilityGlobals) = postSolution
		SolutionGuid = {6F931BA2-B04D-4DD9-8E60-0B54AC79AD33}
	EndGlobalSection
EndGlobal
