
Microsoft Visual Studio Solution File, Format Version 12.00
# Visual Studio Version 16
VisualStudioVersion = 16.0.29424.173
MinimumVisualStudioVersion = 10.0.40219.1
Project("{FAE04EC0-301F-11D3-BF4B-00C04F79EFBC}") = "DBNavigatior_Pro", "DBNavigatior_Pro\DBNavigatior_Pro.csproj", "{0E85DB90-324E-4AA1-A814-1C51065D27CC}"
EndProject
Project("{FAE04EC0-301F-11D3-BF4B-00C04F79EFBC}") = "Model", "Model\Model.csproj", "{BDA17927-F846-45FB-9A84-1F193525C56D}"
EndProject
Global
	GlobalSection(SolutionConfigurationPlatforms) = preSolution
		Debug|Any CPU = Debug|Any CPU
		Release|Any CPU = Release|Any CPU
	EndGlobalSection
	GlobalSection(ProjectConfigurationPlatforms) = postSolution
		{0E85DB90-324E-4AA1-A814-1C51065D27CC}.Debug|Any CPU.ActiveCfg = Debug|Any CPU
		{0E85DB90-324E-4AA1-A814-1C51065D27CC}.Debug|Any CPU.Build.0 = Debug|Any CPU
		{0E85DB90-324E-4AA1-A814-1C51065D27CC}.Release|Any CPU.ActiveCfg = Release|Any CPU
		{0E85DB90-324E-4AA1-A814-1C51065D27CC}.Release|Any CPU.Build.0 = Release|Any CPU
		{BDA17927-F846-45FB-9A84-1F193525C56D}.Debug|Any CPU.ActiveCfg = Debug|Any CPU
		{BDA17927-F846-45FB-9A84-1F193525C56D}.Debug|Any CPU.Build.0 = Debug|Any CPU
		{BDA17927-F846-45FB-9A84-1F193525C56D}.Release|Any CPU.ActiveCfg = Release|Any CPU
		{BDA17927-F846-45FB-9A84-1F193525C56D}.Release|Any CPU.Build.0 = Release|Any CPU
	EndGlobalSection
	GlobalSection(SolutionProperties) = preSolution
		HideSolutionNode = FALSE
	EndGlobalSection
	GlobalSection(ExtensibilityGlobals) = postSolution
		SolutionGuid = {9E224F2D-14A5-4826-9BC7-6E7167329B5D}
	EndGlobalSection
EndGlobal
